
Microsoft Visual Studio Solution File, Format Version 12.00
# Visual Studio Version 17
VisualStudioVersion = 17.6.33829.357
MinimumVisualStudioVersion = 10.0.40219.1
Project("{2150E333-8FDC-42A3-9474-1A3956D46DE8}") = "src", "src", "{2C315513-12A0-4BC8-832C-B89FDBA43D76}"
EndProject
Project("{2150E333-8FDC-42A3-9474-1A3956D46DE8}") = "tests", "tests", "{54EAF990-B32B-4AE4-9B88-F410291009ED}"
EndProject
Project("{2150E333-8FDC-42A3-9474-1A3956D46DE8}") = "01.Core", "01.Core", "{97A7974D-9934-4FEA-A210-36A3CF7B0326}"
EndProject
Project("{FAE04EC0-301F-11D3-BF4B-00C04F79EFBC}") = "Shop.Catalog.Application", "src\01.Core\Shop.Catalog.Application\Shop.Catalog.Application.csproj", "{DDE124C7-0A6F-46F3-9364-D52529C5151A}"
EndProject
Project("{2150E333-8FDC-42A3-9474-1A3956D46DE8}") = "02.Infra", "02.Infra", "{7F82AF13-EE0D-4663-A112-9A0F92EDD2EA}"
EndProject
Project("{2150E333-8FDC-42A3-9474-1A3956D46DE8}") = "04. Endpoints", "04. Endpoints", "{D55EE70B-3A49-48CA-B29E-A3D6E10C8F2B}"
EndProject
Project("{2150E333-8FDC-42A3-9474-1A3956D46DE8}") = "03. Commons", "03. Commons", "{835C732D-D11E-48C5-82BC-5AC954426CF5}"
EndProject
Project("{FAE04EC0-301F-11D3-BF4B-00C04F79EFBC}") = "Shop.Catalog.Domain.Contracts", "src\01.Core\Shop.Catalog.Domain.Contracts\Shop.Catalog.Domain.Contracts.csproj", "{79C27024-F698-4F78-9089-03DACC7B8762}"
EndProject
Project("{FAE04EC0-301F-11D3-BF4B-00C04F79EFBC}") = "Shop.Catalog.Domain", "src\01.Core\Shop.Catalog.Domain\Shop.Catalog.Domain.csproj", "{4676F39F-B3C3-4889-AE47-EBAFC2C77D13}"
EndProject
Project("{FAE04EC0-301F-11D3-BF4B-00C04F79EFBC}") = "Shop.Catalog.Resources", "src\01.Core\Shop.Catalog.Resources\Shop.Catalog.Resources.csproj", "{4B498667-F24A-40C6-A99E-1F68DD74D941}"
EndProject
Project("{2150E333-8FDC-42A3-9474-1A3956D46DE8}") = "Persistence", "Persistence", "{4CBB6304-9ADB-4E1B-9B0D-F17CB7465117}"
EndProject
Project("{2150E333-8FDC-42A3-9474-1A3956D46DE8}") = "Queries", "Queries", "{FDAFF4E5-12AB-4C88-BD62-04E59FCC5898}"
EndProject
Project("{FAE04EC0-301F-11D3-BF4B-00C04F79EFBC}") = "Shop.Catalog.Persistence.EntityFramework", "src\02.Infra\Persistence\Shop.Catalog.Persistence.EntityFramework\Shop.Catalog.Persistence.EntityFramework.csproj", "{14CBC17D-A96A-4BC5-B50E-04EED8D73E3C}"
EndProject
Project("{FAE04EC0-301F-11D3-BF4B-00C04F79EFBC}") = "Shop.API", "src\04. Endpoints\Shop.API\Shop.API.csproj", "{987CF2FB-4333-4C94-9290-593A3C1E29C3}"
EndProject
Global
	GlobalSection(SolutionConfigurationPlatforms) = preSolution
		Debug|Any CPU = Debug|Any CPU
		Release|Any CPU = Release|Any CPU
	EndGlobalSection
	GlobalSection(ProjectConfigurationPlatforms) = postSolution
		{DDE124C7-0A6F-46F3-9364-D52529C5151A}.Debug|Any CPU.ActiveCfg = Debug|Any CPU
		{DDE124C7-0A6F-46F3-9364-D52529C5151A}.Debug|Any CPU.Build.0 = Debug|Any CPU
		{DDE124C7-0A6F-46F3-9364-D52529C5151A}.Release|Any CPU.ActiveCfg = Release|Any CPU
		{DDE124C7-0A6F-46F3-9364-D52529C5151A}.Release|Any CPU.Build.0 = Release|Any CPU
		{79C27024-F698-4F78-9089-03DACC7B8762}.Debug|Any CPU.ActiveCfg = Debug|Any CPU
		{79C27024-F698-4F78-9089-03DACC7B8762}.Debug|Any CPU.Build.0 = Debug|Any CPU
		{79C27024-F698-4F78-9089-03DACC7B8762}.Release|Any CPU.ActiveCfg = Release|Any CPU
		{79C27024-F698-4F78-9089-03DACC7B8762}.Release|Any CPU.Build.0 = Release|Any CPU
		{4676F39F-B3C3-4889-AE47-EBAFC2C77D13}.Debug|Any CPU.ActiveCfg = Debug|Any CPU
		{4676F39F-B3C3-4889-AE47-EBAFC2C77D13}.Debug|Any CPU.Build.0 = Debug|Any CPU
		{4676F39F-B3C3-4889-AE47-EBAFC2C77D13}.Release|Any CPU.ActiveCfg = Release|Any CPU
		{4676F39F-B3C3-4889-AE47-EBAFC2C77D13}.Release|Any CPU.Build.0 = Release|Any CPU
		{4B498667-F24A-40C6-A99E-1F68DD74D941}.Debug|Any CPU.ActiveCfg = Debug|Any CPU
		{4B498667-F24A-40C6-A99E-1F68DD74D941}.Debug|Any CPU.Build.0 = Debug|Any CPU
		{4B498667-F24A-40C6-A99E-1F68DD74D941}.Release|Any CPU.ActiveCfg = Release|Any CPU
		{4B498667-F24A-40C6-A99E-1F68DD74D941}.Release|Any CPU.Build.0 = Release|Any CPU
		{14CBC17D-A96A-4BC5-B50E-04EED8D73E3C}.Debug|Any CPU.ActiveCfg = Debug|Any CPU
		{14CBC17D-A96A-4BC5-B50E-04EED8D73E3C}.Debug|Any CPU.Build.0 = Debug|Any CPU
		{14CBC17D-A96A-4BC5-B50E-04EED8D73E3C}.Release|Any CPU.ActiveCfg = Release|Any CPU
		{14CBC17D-A96A-4BC5-B50E-04EED8D73E3C}.Release|Any CPU.Build.0 = Release|Any CPU
		{987CF2FB-4333-4C94-9290-593A3C1E29C3}.Debug|Any CPU.ActiveCfg = Debug|Any CPU
		{987CF2FB-4333-4C94-9290-593A3C1E29C3}.Debug|Any CPU.Build.0 = Debug|Any CPU
		{987CF2FB-4333-4C94-9290-593A3C1E29C3}.Release|Any CPU.ActiveCfg = Release|Any CPU
		{987CF2FB-4333-4C94-9290-593A3C1E29C3}.Release|Any CPU.Build.0 = Release|Any CPU
	EndGlobalSection
	GlobalSection(SolutionProperties) = preSolution
		HideSolutionNode = FALSE
	EndGlobalSection
	GlobalSection(NestedProjects) = preSolution
		{97A7974D-9934-4FEA-A210-36A3CF7B0326} = {2C315513-12A0-4BC8-832C-B89FDBA43D76}
		{DDE124C7-0A6F-46F3-9364-D52529C5151A} = {97A7974D-9934-4FEA-A210-36A3CF7B0326}
		{7F82AF13-EE0D-4663-A112-9A0F92EDD2EA} = {2C315513-12A0-4BC8-832C-B89FDBA43D76}
		{D55EE70B-3A49-48CA-B29E-A3D6E10C8F2B} = {2C315513-12A0-4BC8-832C-B89FDBA43D76}
		{835C732D-D11E-48C5-82BC-5AC954426CF5} = {2C315513-12A0-4BC8-832C-B89FDBA43D76}
		{79C27024-F698-4F78-9089-03DACC7B8762} = {97A7974D-9934-4FEA-A210-36A3CF7B0326}
		{4676F39F-B3C3-4889-AE47-EBAFC2C77D13} = {97A7974D-9934-4FEA-A210-36A3CF7B0326}
		{4B498667-F24A-40C6-A99E-1F68DD74D941} = {97A7974D-9934-4FEA-A210-36A3CF7B0326}
		{4CBB6304-9ADB-4E1B-9B0D-F17CB7465117} = {7F82AF13-EE0D-4663-A112-9A0F92EDD2EA}
		{FDAFF4E5-12AB-4C88-BD62-04E59FCC5898} = {7F82AF13-EE0D-4663-A112-9A0F92EDD2EA}
		{14CBC17D-A96A-4BC5-B50E-04EED8D73E3C} = {4CBB6304-9ADB-4E1B-9B0D-F17CB7465117}
		{987CF2FB-4333-4C94-9290-593A3C1E29C3} = {D55EE70B-3A49-48CA-B29E-A3D6E10C8F2B}
	EndGlobalSection
	GlobalSection(ExtensibilityGlobals) = postSolution
		SolutionGuid = {33A9B8ED-5671-4790-ABB5-F18DE624B8A0}
	EndGlobalSection
EndGlobal
